// !$*UTF8*$!
{
	archiveVersion = 1;
	classes = {
	};
	objectVersion = 56;
	objects = {

/* Begin PBXBuildFile section */
		864B86D52BD8C94900B7F572 /* HomeView.swift in Sources */ = {isa = PBXBuildFile; fileRef = 864B86D42BD8C94900B7F572 /* HomeView.swift */; };
		864B86D72BD8C95F00B7F572 /* HomeViewController.swift in Sources */ = {isa = PBXBuildFile; fileRef = 864B86D62BD8C95F00B7F572 /* HomeViewController.swift */; };
		864B86D92BD8D4DF00B7F572 /* MainMovieCell.swift in Sources */ = {isa = PBXBuildFile; fileRef = 864B86D82BD8D4DF00B7F572 /* MainMovieCell.swift */; };
		864B86E02BD8FA6400B7F572 /* MovieBrief.swift in Sources */ = {isa = PBXBuildFile; fileRef = 864B86DF2BD8FA6400B7F572 /* MovieBrief.swift */; };
		864B86E62BD91F9800B7F572 /* MovieCellType.swift in Sources */ = {isa = PBXBuildFile; fileRef = 864B86E52BD91F9800B7F572 /* MovieCellType.swift */; };
		864B86EF2BDAC6CD00B7F572 /* MovieCell.swift in Sources */ = {isa = PBXBuildFile; fileRef = 864B86EE2BDAC6CD00B7F572 /* MovieCell.swift */; };
		864B87212BDDEA1F00B7F572 /* MovieCollectionView.swift in Sources */ = {isa = PBXBuildFile; fileRef = 864B87202BDDEA1F00B7F572 /* MovieCollectionView.swift */; };
		864B87242BDE087600B7F572 /* PosterMovieCell.swift in Sources */ = {isa = PBXBuildFile; fileRef = 864B87232BDE087600B7F572 /* PosterMovieCell.swift */; };
		864B87282BDE0D1A00B7F572 /* LiveMovieCell.swift in Sources */ = {isa = PBXBuildFile; fileRef = 864B87272BDE0D1A00B7F572 /* LiveMovieCell.swift */; };
		864B872D2BDE1E4D00B7F572 /* MovieLive.swift in Sources */ = {isa = PBXBuildFile; fileRef = 864B872C2BDE1E4D00B7F572 /* MovieLive.swift */; };
		864B872F2BDE26ED00B7F572 /* MainMovieCollectionView.swift in Sources */ = {isa = PBXBuildFile; fileRef = 864B872E2BDE26ED00B7F572 /* MainMovieCollectionView.swift */; };
		864B87362BDE8E9500B7F572 /* UIStackView+.swift in Sources */ = {isa = PBXBuildFile; fileRef = 864B87352BDE8E9500B7F572 /* UIStackView+.swift */; };
		864B87392BDE994300B7F572 /* BottomTabBar.swift in Sources */ = {isa = PBXBuildFile; fileRef = 864B87382BDE994300B7F572 /* BottomTabBar.swift */; };
		86616E862BCD389D006BE35B /* SnapKit in Frameworks */ = {isa = PBXBuildFile; productRef = 86616E852BCD389D006BE35B /* SnapKit */; };
		86616E882BCD389D006BE35B /* SnapKit-Dynamic in Frameworks */ = {isa = PBXBuildFile; productRef = 86616E872BCD389D006BE35B /* SnapKit-Dynamic */; };
		86616E8A2BCD3924006BE35B /* LoginViewController.swift in Sources */ = {isa = PBXBuildFile; fileRef = 86616E892BCD3924006BE35B /* LoginViewController.swift */; };
		86763ECE2BCE1052009ABF9E /* WelcomeViewController.swift in Sources */ = {isa = PBXBuildFile; fileRef = 86763ECD2BCE1052009ABF9E /* WelcomeViewController.swift */; };
		86763ED02BCE1E51009ABF9E /* UIButton+.swift in Sources */ = {isa = PBXBuildFile; fileRef = 86763ECF2BCE1E51009ABF9E /* UIButton+.swift */; };
		86763ED42BCE3549009ABF9E /* NicknameViewController.swift in Sources */ = {isa = PBXBuildFile; fileRef = 86763ED32BCE3549009ABF9E /* NicknameViewController.swift */; };
		86763ED82BCE56A8009ABF9E /* Auth.swift in Sources */ = {isa = PBXBuildFile; fileRef = 86763ED72BCE56A8009ABF9E /* Auth.swift */; };
		86763EDD2BD188E7009ABF9E /* LangCheck.swift in Sources */ = {isa = PBXBuildFile; fileRef = 86763EDC2BD188E7009ABF9E /* LangCheck.swift */; };
		8676605C2BCD2F63003B3675 /* AppDelegate.swift in Sources */ = {isa = PBXBuildFile; fileRef = 8676605B2BCD2F63003B3675 /* AppDelegate.swift */; };
		8676605E2BCD2F63003B3675 /* SceneDelegate.swift in Sources */ = {isa = PBXBuildFile; fileRef = 8676605D2BCD2F63003B3675 /* SceneDelegate.swift */; };
		867660632BCD2F63003B3675 /* Base in Resources */ = {isa = PBXBuildFile; fileRef = 867660622BCD2F63003B3675 /* Base */; };
		867660652BCD2F65003B3675 /* Assets.xcassets in Resources */ = {isa = PBXBuildFile; fileRef = 867660642BCD2F65003B3675 /* Assets.xcassets */; };
		867660682BCD2F65003B3675 /* Base in Resources */ = {isa = PBXBuildFile; fileRef = 867660672BCD2F65003B3675 /* Base */; };
		867660732BCD2F65003B3675 /* Sopt_iOS_assignmentTests.swift in Sources */ = {isa = PBXBuildFile; fileRef = 867660722BCD2F65003B3675 /* Sopt_iOS_assignmentTests.swift */; };
		8676607D2BCD2F65003B3675 /* Sopt_iOS_assignmentUITests.swift in Sources */ = {isa = PBXBuildFile; fileRef = 8676607C2BCD2F65003B3675 /* Sopt_iOS_assignmentUITests.swift */; };
		8676607F2BCD2F65003B3675 /* Sopt_iOS_assignmentUITestsLaunchTests.swift in Sources */ = {isa = PBXBuildFile; fileRef = 8676607E2BCD2F65003B3675 /* Sopt_iOS_assignmentUITestsLaunchTests.swift */; };
		867662BF2BDF4B7300CD0084 /* UIFont+.swift in Sources */ = {isa = PBXBuildFile; fileRef = 867662BE2BDF4B7300CD0084 /* UIFont+.swift */; };
		86DA6BAE2BCD44DF000FB556 /* Pretendard.ttf in Resources */ = {isa = PBXBuildFile; fileRef = 86DA6BAD2BCD44DF000FB556 /* Pretendard.ttf */; };
		86DA6BB62BCE086E000FB556 /* UITextField+.swift in Sources */ = {isa = PBXBuildFile; fileRef = 86DA6BB52BCE086E000FB556 /* UITextField+.swift */; };
		86F023AA2BEA615E00FADB50 /* BaseViewController.swift in Sources */ = {isa = PBXBuildFile; fileRef = 86F023A92BEA615E00FADB50 /* BaseViewController.swift */; };
		86F023B12BEA62A600FADB50 /* ViewController.swift in Sources */ = {isa = PBXBuildFile; fileRef = 86F023B02BEA62A600FADB50 /* ViewController.swift */; };
		86F023B42BEA64B000FADB50 /* UIColor+.swift in Sources */ = {isa = PBXBuildFile; fileRef = 86F023B32BEA64B000FADB50 /* UIColor+.swift */; };
		86F023B62BEA6CEE00FADB50 /* Movie.swift in Sources */ = {isa = PBXBuildFile; fileRef = 86F023B52BEA6CEE00FADB50 /* Movie.swift */; };
		86F023B92BEA728B00FADB50 /* Moya in Frameworks */ = {isa = PBXBuildFile; productRef = 86F023B82BEA728B00FADB50 /* Moya */; };
		86F023BB2BEA73A000FADB50 /* NetworkResult.swift in Sources */ = {isa = PBXBuildFile; fileRef = 86F023BA2BEA73A000FADB50 /* NetworkResult.swift */; };
		86F023BD2BEA73ED00FADB50 /* MoyaLoggingPlugin.swift in Sources */ = {isa = PBXBuildFile; fileRef = 86F023BC2BEA73ED00FADB50 /* MoyaLoggingPlugin.swift */; };
		86F023C02BEA741F00FADB50 /* MovieSurvice.swift in Sources */ = {isa = PBXBuildFile; fileRef = 86F023BF2BEA741F00FADB50 /* MovieSurvice.swift */; };
		86F023C22BEA75DB00FADB50 /* TargeType.swift in Sources */ = {isa = PBXBuildFile; fileRef = 86F023C12BEA75DB00FADB50 /* TargeType.swift */; };
		86F023C52BEA764300FADB50 /* Config.swift in Sources */ = {isa = PBXBuildFile; fileRef = 86F023C42BEA764300FADB50 /* Config.swift */; };
/* End PBXBuildFile section */

/* Begin PBXContainerItemProxy section */
		8676606F2BCD2F65003B3675 /* PBXContainerItemProxy */ = {
			isa = PBXContainerItemProxy;
			containerPortal = 867660502BCD2F63003B3675 /* Project object */;
			proxyType = 1;
			remoteGlobalIDString = 867660572BCD2F63003B3675;
			remoteInfo = "Sopt-iOS-assignment";
		};
		867660792BCD2F65003B3675 /* PBXContainerItemProxy */ = {
			isa = PBXContainerItemProxy;
			containerPortal = 867660502BCD2F63003B3675 /* Project object */;
			proxyType = 1;
			remoteGlobalIDString = 867660572BCD2F63003B3675;
			remoteInfo = "Sopt-iOS-assignment";
		};
/* End PBXContainerItemProxy section */

/* Begin PBXFileReference section */
		864B86D42BD8C94900B7F572 /* HomeView.swift */ = {isa = PBXFileReference; lastKnownFileType = sourcecode.swift; path = HomeView.swift; sourceTree = "<group>"; };
		864B86D62BD8C95F00B7F572 /* HomeViewController.swift */ = {isa = PBXFileReference; lastKnownFileType = sourcecode.swift; path = HomeViewController.swift; sourceTree = "<group>"; };
		864B86D82BD8D4DF00B7F572 /* MainMovieCell.swift */ = {isa = PBXFileReference; lastKnownFileType = sourcecode.swift; path = MainMovieCell.swift; sourceTree = "<group>"; };
		864B86DF2BD8FA6400B7F572 /* MovieBrief.swift */ = {isa = PBXFileReference; lastKnownFileType = sourcecode.swift; path = MovieBrief.swift; sourceTree = "<group>"; };
		864B86E52BD91F9800B7F572 /* MovieCellType.swift */ = {isa = PBXFileReference; lastKnownFileType = sourcecode.swift; path = MovieCellType.swift; sourceTree = "<group>"; };
		864B86EE2BDAC6CD00B7F572 /* MovieCell.swift */ = {isa = PBXFileReference; lastKnownFileType = sourcecode.swift; path = MovieCell.swift; sourceTree = "<group>"; };
		864B87202BDDEA1F00B7F572 /* MovieCollectionView.swift */ = {isa = PBXFileReference; lastKnownFileType = sourcecode.swift; path = MovieCollectionView.swift; sourceTree = "<group>"; };
		864B87232BDE087600B7F572 /* PosterMovieCell.swift */ = {isa = PBXFileReference; lastKnownFileType = sourcecode.swift; path = PosterMovieCell.swift; sourceTree = "<group>"; };
		864B87272BDE0D1A00B7F572 /* LiveMovieCell.swift */ = {isa = PBXFileReference; lastKnownFileType = sourcecode.swift; path = LiveMovieCell.swift; sourceTree = "<group>"; };
		864B872C2BDE1E4D00B7F572 /* MovieLive.swift */ = {isa = PBXFileReference; lastKnownFileType = sourcecode.swift; path = MovieLive.swift; sourceTree = "<group>"; };
		864B872E2BDE26ED00B7F572 /* MainMovieCollectionView.swift */ = {isa = PBXFileReference; lastKnownFileType = sourcecode.swift; path = MainMovieCollectionView.swift; sourceTree = "<group>"; };
		864B87352BDE8E9500B7F572 /* UIStackView+.swift */ = {isa = PBXFileReference; lastKnownFileType = sourcecode.swift; path = "UIStackView+.swift"; sourceTree = "<group>"; };
		864B87382BDE994300B7F572 /* BottomTabBar.swift */ = {isa = PBXFileReference; lastKnownFileType = sourcecode.swift; path = BottomTabBar.swift; sourceTree = "<group>"; };
		86616E892BCD3924006BE35B /* LoginViewController.swift */ = {isa = PBXFileReference; lastKnownFileType = sourcecode.swift; path = LoginViewController.swift; sourceTree = "<group>"; };
		86763ECD2BCE1052009ABF9E /* WelcomeViewController.swift */ = {isa = PBXFileReference; lastKnownFileType = sourcecode.swift; path = WelcomeViewController.swift; sourceTree = "<group>"; };
		86763ECF2BCE1E51009ABF9E /* UIButton+.swift */ = {isa = PBXFileReference; lastKnownFileType = sourcecode.swift; path = "UIButton+.swift"; sourceTree = "<group>"; };
		86763ED32BCE3549009ABF9E /* NicknameViewController.swift */ = {isa = PBXFileReference; lastKnownFileType = sourcecode.swift; path = NicknameViewController.swift; sourceTree = "<group>"; };
		86763ED72BCE56A8009ABF9E /* Auth.swift */ = {isa = PBXFileReference; lastKnownFileType = sourcecode.swift; path = Auth.swift; sourceTree = "<group>"; };
		86763EDC2BD188E7009ABF9E /* LangCheck.swift */ = {isa = PBXFileReference; lastKnownFileType = sourcecode.swift; path = LangCheck.swift; sourceTree = "<group>"; };
		867660582BCD2F63003B3675 /* Sopt-iOS-assignment.app */ = {isa = PBXFileReference; explicitFileType = wrapper.application; includeInIndex = 0; path = "Sopt-iOS-assignment.app"; sourceTree = BUILT_PRODUCTS_DIR; };
		8676605B2BCD2F63003B3675 /* AppDelegate.swift */ = {isa = PBXFileReference; lastKnownFileType = sourcecode.swift; path = AppDelegate.swift; sourceTree = "<group>"; };
		8676605D2BCD2F63003B3675 /* SceneDelegate.swift */ = {isa = PBXFileReference; lastKnownFileType = sourcecode.swift; path = SceneDelegate.swift; sourceTree = "<group>"; };
		867660622BCD2F63003B3675 /* Base */ = {isa = PBXFileReference; lastKnownFileType = file.storyboard; name = Base; path = Base.lproj/Main.storyboard; sourceTree = "<group>"; };
		867660642BCD2F65003B3675 /* Assets.xcassets */ = {isa = PBXFileReference; lastKnownFileType = folder.assetcatalog; path = Assets.xcassets; sourceTree = "<group>"; };
		867660672BCD2F65003B3675 /* Base */ = {isa = PBXFileReference; lastKnownFileType = file.storyboard; name = Base; path = Base.lproj/LaunchScreen.storyboard; sourceTree = "<group>"; };
		867660692BCD2F65003B3675 /* Info.plist */ = {isa = PBXFileReference; lastKnownFileType = text.plist.xml; path = Info.plist; sourceTree = "<group>"; };
		8676606E2BCD2F65003B3675 /* Sopt-iOS-assignmentTests.xctest */ = {isa = PBXFileReference; explicitFileType = wrapper.cfbundle; includeInIndex = 0; path = "Sopt-iOS-assignmentTests.xctest"; sourceTree = BUILT_PRODUCTS_DIR; };
		867660722BCD2F65003B3675 /* Sopt_iOS_assignmentTests.swift */ = {isa = PBXFileReference; lastKnownFileType = sourcecode.swift; path = Sopt_iOS_assignmentTests.swift; sourceTree = "<group>"; };
		867660782BCD2F65003B3675 /* Sopt-iOS-assignmentUITests.xctest */ = {isa = PBXFileReference; explicitFileType = wrapper.cfbundle; includeInIndex = 0; path = "Sopt-iOS-assignmentUITests.xctest"; sourceTree = BUILT_PRODUCTS_DIR; };
		8676607C2BCD2F65003B3675 /* Sopt_iOS_assignmentUITests.swift */ = {isa = PBXFileReference; lastKnownFileType = sourcecode.swift; path = Sopt_iOS_assignmentUITests.swift; sourceTree = "<group>"; };
		8676607E2BCD2F65003B3675 /* Sopt_iOS_assignmentUITestsLaunchTests.swift */ = {isa = PBXFileReference; lastKnownFileType = sourcecode.swift; path = Sopt_iOS_assignmentUITestsLaunchTests.swift; sourceTree = "<group>"; };
		867662BE2BDF4B7300CD0084 /* UIFont+.swift */ = {isa = PBXFileReference; lastKnownFileType = sourcecode.swift; path = "UIFont+.swift"; sourceTree = "<group>"; };
		86DA6BAD2BCD44DF000FB556 /* Pretendard.ttf */ = {isa = PBXFileReference; lastKnownFileType = file; path = Pretendard.ttf; sourceTree = "<group>"; };
		86DA6BB52BCE086E000FB556 /* UITextField+.swift */ = {isa = PBXFileReference; lastKnownFileType = sourcecode.swift; path = "UITextField+.swift"; sourceTree = "<group>"; };
		86F023A92BEA615E00FADB50 /* BaseViewController.swift */ = {isa = PBXFileReference; lastKnownFileType = sourcecode.swift; path = BaseViewController.swift; sourceTree = "<group>"; };
		86F023B02BEA62A600FADB50 /* ViewController.swift */ = {isa = PBXFileReference; lastKnownFileType = sourcecode.swift; path = ViewController.swift; sourceTree = "<group>"; };
		86F023B32BEA64B000FADB50 /* UIColor+.swift */ = {isa = PBXFileReference; lastKnownFileType = sourcecode.swift; path = "UIColor+.swift"; sourceTree = "<group>"; };
		86F023B52BEA6CEE00FADB50 /* Movie.swift */ = {isa = PBXFileReference; lastKnownFileType = sourcecode.swift; path = Movie.swift; sourceTree = "<group>"; };
		86F023BA2BEA73A000FADB50 /* NetworkResult.swift */ = {isa = PBXFileReference; lastKnownFileType = sourcecode.swift; path = NetworkResult.swift; sourceTree = "<group>"; };
		86F023BC2BEA73ED00FADB50 /* MoyaLoggingPlugin.swift */ = {isa = PBXFileReference; lastKnownFileType = sourcecode.swift; path = MoyaLoggingPlugin.swift; sourceTree = "<group>"; };
		86F023BF2BEA741F00FADB50 /* MovieSurvice.swift */ = {isa = PBXFileReference; lastKnownFileType = sourcecode.swift; path = MovieSurvice.swift; sourceTree = "<group>"; };
		86F023C12BEA75DB00FADB50 /* TargeType.swift */ = {isa = PBXFileReference; lastKnownFileType = sourcecode.swift; path = TargeType.swift; sourceTree = "<group>"; };
		86F023C42BEA764300FADB50 /* Config.swift */ = {isa = PBXFileReference; lastKnownFileType = sourcecode.swift; path = Config.swift; sourceTree = "<group>"; };
/* End PBXFileReference section */

/* Begin PBXFrameworksBuildPhase section */
		867660552BCD2F63003B3675 /* Frameworks */ = {
			isa = PBXFrameworksBuildPhase;
			buildActionMask = 2147483647;
			files = (
				86616E862BCD389D006BE35B /* SnapKit in Frameworks */,
				86616E882BCD389D006BE35B /* SnapKit-Dynamic in Frameworks */,
				86F023B92BEA728B00FADB50 /* Moya in Frameworks */,
			);
			runOnlyForDeploymentPostprocessing = 0;
		};
		8676606B2BCD2F65003B3675 /* Frameworks */ = {
			isa = PBXFrameworksBuildPhase;
			buildActionMask = 2147483647;
			files = (
			);
			runOnlyForDeploymentPostprocessing = 0;
		};
		867660752BCD2F65003B3675 /* Frameworks */ = {
			isa = PBXFrameworksBuildPhase;
			buildActionMask = 2147483647;
			files = (
			);
			runOnlyForDeploymentPostprocessing = 0;
		};
/* End PBXFrameworksBuildPhase section */

/* Begin PBXGroup section */
		864B86DC2BD8F99400B7F572 /* Models */ = {
			isa = PBXGroup;
			children = (
				86763ED72BCE56A8009ABF9E /* Auth.swift */,
				864B86DF2BD8FA6400B7F572 /* MovieBrief.swift */,
				864B872C2BDE1E4D00B7F572 /* MovieLive.swift */,
				86F023B52BEA6CEE00FADB50 /* Movie.swift */,
			);
			path = Models;
			sourceTree = "<group>";
		};
		864B86E12BD9015F00B7F572 /* Main */ = {
			isa = PBXGroup;
			children = (
			);
			path = Main;
			sourceTree = "<group>";
		};
		864B86E22BD9017000B7F572 /* Cell */ = {
			isa = PBXGroup;
			children = (
				864B86E52BD91F9800B7F572 /* MovieCellType.swift */,
				864B86EE2BDAC6CD00B7F572 /* MovieCell.swift */,
				864B86D82BD8D4DF00B7F572 /* MainMovieCell.swift */,
				864B87232BDE087600B7F572 /* PosterMovieCell.swift */,
				864B87272BDE0D1A00B7F572 /* LiveMovieCell.swift */,
			);
			path = Cell;
			sourceTree = "<group>";
		};
		864B871F2BDD799400B7F572 /* Application */ = {
			isa = PBXGroup;
			children = (
				867660662BCD2F65003B3675 /* LaunchScreen.storyboard */,
				867660612BCD2F63003B3675 /* Main.storyboard */,
				867660642BCD2F65003B3675 /* Assets.xcassets */,
				8676605B2BCD2F63003B3675 /* AppDelegate.swift */,
				8676605D2BCD2F63003B3675 /* SceneDelegate.swift */,
			);
			path = Application;
			sourceTree = "<group>";
		};
		864B872B2BDE172F00B7F572 /* Components */ = {
			isa = PBXGroup;
			children = (
				864B873A2BDE999D00B7F572 /* CollectionView */,
			);
			path = Components;
			sourceTree = "<group>";
		};
		864B873A2BDE999D00B7F572 /* CollectionView */ = {
			isa = PBXGroup;
			children = (
				864B87202BDDEA1F00B7F572 /* MovieCollectionView.swift */,
				864B872E2BDE26ED00B7F572 /* MainMovieCollectionView.swift */,
			);
			path = CollectionView;
			sourceTree = "<group>";
		};
		865D6A8C2BE0C3C100062071 /* Login */ = {
			isa = PBXGroup;
			children = (
				86616E892BCD3924006BE35B /* LoginViewController.swift */,
				86763ED32BCE3549009ABF9E /* NicknameViewController.swift */,
				86763ECD2BCE1052009ABF9E /* WelcomeViewController.swift */,
			);
			path = Login;
			sourceTree = "<group>";
		};
		86763EDB2BD188CD009ABF9E /* Utils */ = {
			isa = PBXGroup;
			children = (
				86763EDC2BD188E7009ABF9E /* LangCheck.swift */,
			);
			path = Utils;
			sourceTree = "<group>";
		};
		8676604F2BCD2F63003B3675 = {
			isa = PBXGroup;
			children = (
				8676605A2BCD2F63003B3675 /* Sopt-iOS-assignment */,
				867660712BCD2F65003B3675 /* Sopt-iOS-assignmentTests */,
				8676607B2BCD2F65003B3675 /* Sopt-iOS-assignmentUITests */,
				867660592BCD2F63003B3675 /* Products */,
			);
			sourceTree = "<group>";
		};
		867660592BCD2F63003B3675 /* Products */ = {
			isa = PBXGroup;
			children = (
				867660582BCD2F63003B3675 /* Sopt-iOS-assignment.app */,
				8676606E2BCD2F65003B3675 /* Sopt-iOS-assignmentTests.xctest */,
				867660782BCD2F65003B3675 /* Sopt-iOS-assignmentUITests.xctest */,
			);
			name = Products;
			sourceTree = "<group>";
		};
		8676605A2BCD2F63003B3675 /* Sopt-iOS-assignment */ = {
			isa = PBXGroup;
			children = (
				867660692BCD2F65003B3675 /* Info.plist */,
				86F023AD2BEA620F00FADB50 /* Network */,
				86F023AB2BEA61A300FADB50 /* Presentation */,
				864B871F2BDD799400B7F572 /* Application */,
				86F023A82BEA614700FADB50 /* Base */,
				86763EDB2BD188CD009ABF9E /* Utils */,
				86DA6BB32BCE0851000FB556 /* Extentions */,
				86DA6BAB2BCD44C9000FB556 /* Resources */,
			);
			path = "Sopt-iOS-assignment";
			sourceTree = "<group>";
		};
		867660712BCD2F65003B3675 /* Sopt-iOS-assignmentTests */ = {
			isa = PBXGroup;
			children = (
				867660722BCD2F65003B3675 /* Sopt_iOS_assignmentTests.swift */,
			);
			path = "Sopt-iOS-assignmentTests";
			sourceTree = "<group>";
		};
		8676607B2BCD2F65003B3675 /* Sopt-iOS-assignmentUITests */ = {
			isa = PBXGroup;
			children = (
				8676607C2BCD2F65003B3675 /* Sopt_iOS_assignmentUITests.swift */,
				8676607E2BCD2F65003B3675 /* Sopt_iOS_assignmentUITestsLaunchTests.swift */,
			);
			path = "Sopt-iOS-assignmentUITests";
			sourceTree = "<group>";
		};
		86DA6BAB2BCD44C9000FB556 /* Resources */ = {
			isa = PBXGroup;
			children = (
				86DA6BAC2BCD44D1000FB556 /* Fonts */,
			);
			path = Resources;
			sourceTree = "<group>";
		};
		86DA6BAC2BCD44D1000FB556 /* Fonts */ = {
			isa = PBXGroup;
			children = (
				86DA6BAD2BCD44DF000FB556 /* Pretendard.ttf */,
			);
			path = Fonts;
			sourceTree = "<group>";
		};
		86DA6BB32BCE0851000FB556 /* Extentions */ = {
			isa = PBXGroup;
			children = (
				86DA6BB42BCE085C000FB556 /* UIKit */,
			);
			path = Extentions;
			sourceTree = "<group>";
		};
		86DA6BB42BCE085C000FB556 /* UIKit */ = {
			isa = PBXGroup;
			children = (
				867662BE2BDF4B7300CD0084 /* UIFont+.swift */,
				86DA6BB52BCE086E000FB556 /* UITextField+.swift */,
				86763ECF2BCE1E51009ABF9E /* UIButton+.swift */,
				864B87352BDE8E9500B7F572 /* UIStackView+.swift */,
				86F023B32BEA64B000FADB50 /* UIColor+.swift */,
			);
			path = UIKit;
			sourceTree = "<group>";
		};
		86F023A82BEA614700FADB50 /* Base */ = {
			isa = PBXGroup;
			children = (
				86F023A92BEA615E00FADB50 /* BaseViewController.swift */,
			);
			path = Base;
			sourceTree = "<group>";
		};
		86F023AB2BEA61A300FADB50 /* Presentation */ = {
			isa = PBXGroup;
			children = (
				86F023AF2BEA624500FADB50 /* Shared */,
				865D6A8C2BE0C3C100062071 /* Login */,
				864B86E12BD9015F00B7F572 /* Main */,
				86F023AC2BEA61AC00FADB50 /* Home */,
			);
			path = Presentation;
			sourceTree = "<group>";
		};
		86F023AC2BEA61AC00FADB50 /* Home */ = {
			isa = PBXGroup;
			children = (
				864B872B2BDE172F00B7F572 /* Components */,
				864B86E22BD9017000B7F572 /* Cell */,
				864B86D42BD8C94900B7F572 /* HomeView.swift */,
				864B86D62BD8C95F00B7F572 /* HomeViewController.swift */,
			);
			path = Home;
			sourceTree = "<group>";
		};
		86F023AD2BEA620F00FADB50 /* Network */ = {
			isa = PBXGroup;
			children = (
				86F023BE2BEA740F00FADB50 /* Service */,
				864B86DC2BD8F99400B7F572 /* Models */,
				86F023AE2BEA621900FADB50 /* Common */,
			);
			path = Network;
			sourceTree = "<group>";
		};
		86F023AE2BEA621900FADB50 /* Common */ = {
			isa = PBXGroup;
			children = (
				86F023BA2BEA73A000FADB50 /* NetworkResult.swift */,
				86F023BC2BEA73ED00FADB50 /* MoyaLoggingPlugin.swift */,
				86F023C12BEA75DB00FADB50 /* TargeType.swift */,
				86F023C42BEA764300FADB50 /* Config.swift */,
			);
			path = Common;
			sourceTree = "<group>";
		};
		86F023AF2BEA624500FADB50 /* Shared */ = {
			isa = PBXGroup;
			children = (
				864B87382BDE994300B7F572 /* BottomTabBar.swift */,
				86F023B02BEA62A600FADB50 /* ViewController.swift */,
			);
			path = Shared;
			sourceTree = "<group>";
		};
		86F023BE2BEA740F00FADB50 /* Service */ = {
			isa = PBXGroup;
			children = (
				86F023BF2BEA741F00FADB50 /* MovieSurvice.swift */,
			);
			path = Service;
			sourceTree = "<group>";
		};
/* End PBXGroup section */

/* Begin PBXNativeTarget section */
		867660572BCD2F63003B3675 /* Sopt-iOS-assignment */ = {
			isa = PBXNativeTarget;
			buildConfigurationList = 867660822BCD2F65003B3675 /* Build configuration list for PBXNativeTarget "Sopt-iOS-assignment" */;
			buildPhases = (
				867660542BCD2F63003B3675 /* Sources */,
				867660552BCD2F63003B3675 /* Frameworks */,
				867660562BCD2F63003B3675 /* Resources */,
			);
			buildRules = (
			);
			dependencies = (
			);
			name = "Sopt-iOS-assignment";
			packageProductDependencies = (
				86616E852BCD389D006BE35B /* SnapKit */,
				86616E872BCD389D006BE35B /* SnapKit-Dynamic */,
				86F023B82BEA728B00FADB50 /* Moya */,
			);
			productName = "Sopt-iOS-assignment";
			productReference = 867660582BCD2F63003B3675 /* Sopt-iOS-assignment.app */;
			productType = "com.apple.product-type.application";
		};
		8676606D2BCD2F65003B3675 /* Sopt-iOS-assignmentTests */ = {
			isa = PBXNativeTarget;
			buildConfigurationList = 867660852BCD2F65003B3675 /* Build configuration list for PBXNativeTarget "Sopt-iOS-assignmentTests" */;
			buildPhases = (
				8676606A2BCD2F65003B3675 /* Sources */,
				8676606B2BCD2F65003B3675 /* Frameworks */,
				8676606C2BCD2F65003B3675 /* Resources */,
			);
			buildRules = (
			);
			dependencies = (
				867660702BCD2F65003B3675 /* PBXTargetDependency */,
			);
			name = "Sopt-iOS-assignmentTests";
			productName = "Sopt-iOS-assignmentTests";
			productReference = 8676606E2BCD2F65003B3675 /* Sopt-iOS-assignmentTests.xctest */;
			productType = "com.apple.product-type.bundle.unit-test";
		};
		867660772BCD2F65003B3675 /* Sopt-iOS-assignmentUITests */ = {
			isa = PBXNativeTarget;
			buildConfigurationList = 867660882BCD2F65003B3675 /* Build configuration list for PBXNativeTarget "Sopt-iOS-assignmentUITests" */;
			buildPhases = (
				867660742BCD2F65003B3675 /* Sources */,
				867660752BCD2F65003B3675 /* Frameworks */,
				867660762BCD2F65003B3675 /* Resources */,
			);
			buildRules = (
			);
			dependencies = (
				8676607A2BCD2F65003B3675 /* PBXTargetDependency */,
			);
			name = "Sopt-iOS-assignmentUITests";
			productName = "Sopt-iOS-assignmentUITests";
			productReference = 867660782BCD2F65003B3675 /* Sopt-iOS-assignmentUITests.xctest */;
			productType = "com.apple.product-type.bundle.ui-testing";
		};
/* End PBXNativeTarget section */

/* Begin PBXProject section */
		867660502BCD2F63003B3675 /* Project object */ = {
			isa = PBXProject;
			attributes = {
				BuildIndependentTargetsInParallel = 1;
				LastSwiftUpdateCheck = 1530;
				LastUpgradeCheck = 1530;
				TargetAttributes = {
					867660572BCD2F63003B3675 = {
						CreatedOnToolsVersion = 15.3;
					};
					8676606D2BCD2F65003B3675 = {
						CreatedOnToolsVersion = 15.3;
						TestTargetID = 867660572BCD2F63003B3675;
					};
					867660772BCD2F65003B3675 = {
						CreatedOnToolsVersion = 15.3;
						TestTargetID = 867660572BCD2F63003B3675;
					};
				};
			};
			buildConfigurationList = 867660532BCD2F63003B3675 /* Build configuration list for PBXProject "Sopt-iOS-assignment" */;
			compatibilityVersion = "Xcode 14.0";
			developmentRegion = en;
			hasScannedForEncodings = 0;
			knownRegions = (
				en,
				Base,
			);
			mainGroup = 8676604F2BCD2F63003B3675;
			packageReferences = (
				86616E842BCD389D006BE35B /* XCRemoteSwiftPackageReference "SnapKit" */,
				86F023B72BEA728B00FADB50 /* XCRemoteSwiftPackageReference "Moya" */,
			);
			productRefGroup = 867660592BCD2F63003B3675 /* Products */;
			projectDirPath = "";
			projectRoot = "";
			targets = (
				867660572BCD2F63003B3675 /* Sopt-iOS-assignment */,
				8676606D2BCD2F65003B3675 /* Sopt-iOS-assignmentTests */,
				867660772BCD2F65003B3675 /* Sopt-iOS-assignmentUITests */,
			);
		};
/* End PBXProject section */

/* Begin PBXResourcesBuildPhase section */
		867660562BCD2F63003B3675 /* Resources */ = {
			isa = PBXResourcesBuildPhase;
			buildActionMask = 2147483647;
			files = (
				867660652BCD2F65003B3675 /* Assets.xcassets in Resources */,
				867660682BCD2F65003B3675 /* Base in Resources */,
				867660632BCD2F63003B3675 /* Base in Resources */,
				86DA6BAE2BCD44DF000FB556 /* Pretendard.ttf in Resources */,
			);
			runOnlyForDeploymentPostprocessing = 0;
		};
		8676606C2BCD2F65003B3675 /* Resources */ = {
			isa = PBXResourcesBuildPhase;
			buildActionMask = 2147483647;
			files = (
			);
			runOnlyForDeploymentPostprocessing = 0;
		};
		867660762BCD2F65003B3675 /* Resources */ = {
			isa = PBXResourcesBuildPhase;
			buildActionMask = 2147483647;
			files = (
			);
			runOnlyForDeploymentPostprocessing = 0;
		};
/* End PBXResourcesBuildPhase section */

/* Begin PBXSourcesBuildPhase section */
		867660542BCD2F63003B3675 /* Sources */ = {
			isa = PBXSourcesBuildPhase;
			buildActionMask = 2147483647;
			files = (
				86F023B12BEA62A600FADB50 /* ViewController.swift in Sources */,
				864B87282BDE0D1A00B7F572 /* LiveMovieCell.swift in Sources */,
				86763ED02BCE1E51009ABF9E /* UIButton+.swift in Sources */,
				86F023BD2BEA73ED00FADB50 /* MoyaLoggingPlugin.swift in Sources */,
				86616E8A2BCD3924006BE35B /* LoginViewController.swift in Sources */,
				864B86EF2BDAC6CD00B7F572 /* MovieCell.swift in Sources */,
				86F023C02BEA741F00FADB50 /* MovieSurvice.swift in Sources */,
				864B86D72BD8C95F00B7F572 /* HomeViewController.swift in Sources */,
				86F023AA2BEA615E00FADB50 /* BaseViewController.swift in Sources */,
				864B87362BDE8E9500B7F572 /* UIStackView+.swift in Sources */,
				86F023C22BEA75DB00FADB50 /* TargeType.swift in Sources */,
				8676605C2BCD2F63003B3675 /* AppDelegate.swift in Sources */,
				86F023BB2BEA73A000FADB50 /* NetworkResult.swift in Sources */,
				86763ED42BCE3549009ABF9E /* NicknameViewController.swift in Sources */,
				86763ECE2BCE1052009ABF9E /* WelcomeViewController.swift in Sources */,
				86F023B62BEA6CEE00FADB50 /* Movie.swift in Sources */,
				86DA6BB62BCE086E000FB556 /* UITextField+.swift in Sources */,
				864B86D52BD8C94900B7F572 /* HomeView.swift in Sources */,
				86763ED82BCE56A8009ABF9E /* Auth.swift in Sources */,
				864B872D2BDE1E4D00B7F572 /* MovieLive.swift in Sources */,
				86763EDD2BD188E7009ABF9E /* LangCheck.swift in Sources */,
				864B87212BDDEA1F00B7F572 /* MovieCollectionView.swift in Sources */,
				864B86D92BD8D4DF00B7F572 /* MainMovieCell.swift in Sources */,
				864B87392BDE994300B7F572 /* BottomTabBar.swift in Sources */,
				8676605E2BCD2F63003B3675 /* SceneDelegate.swift in Sources */,
				864B87242BDE087600B7F572 /* PosterMovieCell.swift in Sources */,
				867662BF2BDF4B7300CD0084 /* UIFont+.swift in Sources */,
				864B86E62BD91F9800B7F572 /* MovieCellType.swift in Sources */,
				86F023B42BEA64B000FADB50 /* UIColor+.swift in Sources */,
				86F023C52BEA764300FADB50 /* Config.swift in Sources */,
				864B872F2BDE26ED00B7F572 /* MainMovieCollectionView.swift in Sources */,
				864B86E02BD8FA6400B7F572 /* MovieBrief.swift in Sources */,
			);
			runOnlyForDeploymentPostprocessing = 0;
		};
		8676606A2BCD2F65003B3675 /* Sources */ = {
			isa = PBXSourcesBuildPhase;
			buildActionMask = 2147483647;
			files = (
				867660732BCD2F65003B3675 /* Sopt_iOS_assignmentTests.swift in Sources */,
			);
			runOnlyForDeploymentPostprocessing = 0;
		};
		867660742BCD2F65003B3675 /* Sources */ = {
			isa = PBXSourcesBuildPhase;
			buildActionMask = 2147483647;
			files = (
				8676607D2BCD2F65003B3675 /* Sopt_iOS_assignmentUITests.swift in Sources */,
				8676607F2BCD2F65003B3675 /* Sopt_iOS_assignmentUITestsLaunchTests.swift in Sources */,
			);
			runOnlyForDeploymentPostprocessing = 0;
		};
/* End PBXSourcesBuildPhase section */

/* Begin PBXTargetDependency section */
		867660702BCD2F65003B3675 /* PBXTargetDependency */ = {
			isa = PBXTargetDependency;
			target = 867660572BCD2F63003B3675 /* Sopt-iOS-assignment */;
			targetProxy = 8676606F2BCD2F65003B3675 /* PBXContainerItemProxy */;
		};
		8676607A2BCD2F65003B3675 /* PBXTargetDependency */ = {
			isa = PBXTargetDependency;
			target = 867660572BCD2F63003B3675 /* Sopt-iOS-assignment */;
			targetProxy = 867660792BCD2F65003B3675 /* PBXContainerItemProxy */;
		};
/* End PBXTargetDependency section */

/* Begin PBXVariantGroup section */
		867660612BCD2F63003B3675 /* Main.storyboard */ = {
			isa = PBXVariantGroup;
			children = (
				867660622BCD2F63003B3675 /* Base */,
			);
			name = Main.storyboard;
			sourceTree = "<group>";
		};
		867660662BCD2F65003B3675 /* LaunchScreen.storyboard */ = {
			isa = PBXVariantGroup;
			children = (
				867660672BCD2F65003B3675 /* Base */,
			);
			name = LaunchScreen.storyboard;
			sourceTree = "<group>";
		};
/* End PBXVariantGroup section */

/* Begin XCBuildConfiguration section */
		867660802BCD2F65003B3675 /* Debug */ = {
			isa = XCBuildConfiguration;
			buildSettings = {
				ALWAYS_SEARCH_USER_PATHS = NO;
				ASSETCATALOG_COMPILER_GENERATE_SWIFT_ASSET_SYMBOL_EXTENSIONS = YES;
				CLANG_ANALYZER_NONNULL = YES;
				CLANG_ANALYZER_NUMBER_OBJECT_CONVERSION = YES_AGGRESSIVE;
				CLANG_CXX_LANGUAGE_STANDARD = "gnu++20";
				CLANG_ENABLE_MODULES = YES;
				CLANG_ENABLE_OBJC_ARC = YES;
				CLANG_ENABLE_OBJC_WEAK = YES;
				CLANG_WARN_BLOCK_CAPTURE_AUTORELEASING = YES;
				CLANG_WARN_BOOL_CONVERSION = YES;
				CLANG_WARN_COMMA = YES;
				CLANG_WARN_CONSTANT_CONVERSION = YES;
				CLANG_WARN_DEPRECATED_OBJC_IMPLEMENTATIONS = YES;
				CLANG_WARN_DIRECT_OBJC_ISA_USAGE = YES_ERROR;
				CLANG_WARN_DOCUMENTATION_COMMENTS = YES;
				CLANG_WARN_EMPTY_BODY = YES;
				CLANG_WARN_ENUM_CONVERSION = YES;
				CLANG_WARN_INFINITE_RECURSION = YES;
				CLANG_WARN_INT_CONVERSION = YES;
				CLANG_WARN_NON_LITERAL_NULL_CONVERSION = YES;
				CLANG_WARN_OBJC_IMPLICIT_RETAIN_SELF = YES;
				CLANG_WARN_OBJC_LITERAL_CONVERSION = YES;
				CLANG_WARN_OBJC_ROOT_CLASS = YES_ERROR;
				CLANG_WARN_QUOTED_INCLUDE_IN_FRAMEWORK_HEADER = YES;
				CLANG_WARN_RANGE_LOOP_ANALYSIS = YES;
				CLANG_WARN_STRICT_PROTOTYPES = YES;
				CLANG_WARN_SUSPICIOUS_MOVE = YES;
				CLANG_WARN_UNGUARDED_AVAILABILITY = YES_AGGRESSIVE;
				CLANG_WARN_UNREACHABLE_CODE = YES;
				CLANG_WARN__DUPLICATE_METHOD_MATCH = YES;
				COPY_PHASE_STRIP = NO;
				DEBUG_INFORMATION_FORMAT = dwarf;
				ENABLE_STRICT_OBJC_MSGSEND = YES;
				ENABLE_TESTABILITY = YES;
				ENABLE_USER_SCRIPT_SANDBOXING = YES;
				GCC_C_LANGUAGE_STANDARD = gnu17;
				GCC_DYNAMIC_NO_PIC = NO;
				GCC_NO_COMMON_BLOCKS = YES;
				GCC_OPTIMIZATION_LEVEL = 0;
				GCC_PREPROCESSOR_DEFINITIONS = (
					"DEBUG=1",
					"$(inherited)",
				);
				GCC_WARN_64_TO_32_BIT_CONVERSION = YES;
				GCC_WARN_ABOUT_RETURN_TYPE = YES_ERROR;
				GCC_WARN_UNDECLARED_SELECTOR = YES;
				GCC_WARN_UNINITIALIZED_AUTOS = YES_AGGRESSIVE;
				GCC_WARN_UNUSED_FUNCTION = YES;
				GCC_WARN_UNUSED_VARIABLE = YES;
				IPHONEOS_DEPLOYMENT_TARGET = 17.4;
				LOCALIZATION_PREFERS_STRING_CATALOGS = YES;
				MTL_ENABLE_DEBUG_INFO = INCLUDE_SOURCE;
				MTL_FAST_MATH = YES;
				ONLY_ACTIVE_ARCH = YES;
				SDKROOT = iphoneos;
				SWIFT_ACTIVE_COMPILATION_CONDITIONS = "DEBUG $(inherited)";
				SWIFT_OPTIMIZATION_LEVEL = "-Onone";
			};
			name = Debug;
		};
		867660812BCD2F65003B3675 /* Release */ = {
			isa = XCBuildConfiguration;
			buildSettings = {
				ALWAYS_SEARCH_USER_PATHS = NO;
				ASSETCATALOG_COMPILER_GENERATE_SWIFT_ASSET_SYMBOL_EXTENSIONS = YES;
				CLANG_ANALYZER_NONNULL = YES;
				CLANG_ANALYZER_NUMBER_OBJECT_CONVERSION = YES_AGGRESSIVE;
				CLANG_CXX_LANGUAGE_STANDARD = "gnu++20";
				CLANG_ENABLE_MODULES = YES;
				CLANG_ENABLE_OBJC_ARC = YES;
				CLANG_ENABLE_OBJC_WEAK = YES;
				CLANG_WARN_BLOCK_CAPTURE_AUTORELEASING = YES;
				CLANG_WARN_BOOL_CONVERSION = YES;
				CLANG_WARN_COMMA = YES;
				CLANG_WARN_CONSTANT_CONVERSION = YES;
				CLANG_WARN_DEPRECATED_OBJC_IMPLEMENTATIONS = YES;
				CLANG_WARN_DIRECT_OBJC_ISA_USAGE = YES_ERROR;
				CLANG_WARN_DOCUMENTATION_COMMENTS = YES;
				CLANG_WARN_EMPTY_BODY = YES;
				CLANG_WARN_ENUM_CONVERSION = YES;
				CLANG_WARN_INFINITE_RECURSION = YES;
				CLANG_WARN_INT_CONVERSION = YES;
				CLANG_WARN_NON_LITERAL_NULL_CONVERSION = YES;
				CLANG_WARN_OBJC_IMPLICIT_RETAIN_SELF = YES;
				CLANG_WARN_OBJC_LITERAL_CONVERSION = YES;
				CLANG_WARN_OBJC_ROOT_CLASS = YES_ERROR;
				CLANG_WARN_QUOTED_INCLUDE_IN_FRAMEWORK_HEADER = YES;
				CLANG_WARN_RANGE_LOOP_ANALYSIS = YES;
				CLANG_WARN_STRICT_PROTOTYPES = YES;
				CLANG_WARN_SUSPICIOUS_MOVE = YES;
				CLANG_WARN_UNGUARDED_AVAILABILITY = YES_AGGRESSIVE;
				CLANG_WARN_UNREACHABLE_CODE = YES;
				CLANG_WARN__DUPLICATE_METHOD_MATCH = YES;
				COPY_PHASE_STRIP = NO;
				DEBUG_INFORMATION_FORMAT = "dwarf-with-dsym";
				ENABLE_NS_ASSERTIONS = NO;
				ENABLE_STRICT_OBJC_MSGSEND = YES;
				ENABLE_USER_SCRIPT_SANDBOXING = YES;
				GCC_C_LANGUAGE_STANDARD = gnu17;
				GCC_NO_COMMON_BLOCKS = YES;
				GCC_WARN_64_TO_32_BIT_CONVERSION = YES;
				GCC_WARN_ABOUT_RETURN_TYPE = YES_ERROR;
				GCC_WARN_UNDECLARED_SELECTOR = YES;
				GCC_WARN_UNINITIALIZED_AUTOS = YES_AGGRESSIVE;
				GCC_WARN_UNUSED_FUNCTION = YES;
				GCC_WARN_UNUSED_VARIABLE = YES;
				IPHONEOS_DEPLOYMENT_TARGET = 17.4;
				LOCALIZATION_PREFERS_STRING_CATALOGS = YES;
				MTL_ENABLE_DEBUG_INFO = NO;
				MTL_FAST_MATH = YES;
				SDKROOT = iphoneos;
				SWIFT_COMPILATION_MODE = wholemodule;
				VALIDATE_PRODUCT = YES;
			};
			name = Release;
		};
		867660832BCD2F65003B3675 /* Debug */ = {
			isa = XCBuildConfiguration;
			buildSettings = {
				ASSETCATALOG_COMPILER_APPICON_NAME = AppIcon;
				ASSETCATALOG_COMPILER_GLOBAL_ACCENT_COLOR_NAME = AccentColor;
				BASE_URL = "http://www.kobis.or.kr/kobisopenapi/webservice/rest";
				CODE_SIGN_STYLE = Automatic;
				CURRENT_PROJECT_VERSION = 1;
				DEVELOPMENT_TEAM = 3Y6FWGNU3J;
				GENERATE_INFOPLIST_FILE = YES;
				INFOPLIST_FILE = "Sopt-iOS-assignment/Info.plist";
				INFOPLIST_KEY_UIApplicationSupportsIndirectInputEvents = YES;
				INFOPLIST_KEY_UILaunchStoryboardName = LaunchScreen;
				INFOPLIST_KEY_UIMainStoryboardFile = Main;
				INFOPLIST_KEY_UISupportedInterfaceOrientations_iPad = "UIInterfaceOrientationPortrait UIInterfaceOrientationPortraitUpsideDown UIInterfaceOrientationLandscapeLeft UIInterfaceOrientationLandscapeRight";
				INFOPLIST_KEY_UISupportedInterfaceOrientations_iPhone = "UIInterfaceOrientationPortrait UIInterfaceOrientationLandscapeLeft UIInterfaceOrientationLandscapeRight";
				LD_RUNPATH_SEARCH_PATHS = (
					"$(inherited)",
					"@executable_path/Frameworks",
				);
				MARKETING_VERSION = 1.0;
				PRODUCT_BUNDLE_IDENTIFIER = "org.sopt.dosopt.Sopt-iOS-assignment";
				PRODUCT_NAME = "$(TARGET_NAME)";
				SWIFT_EMIT_LOC_STRINGS = YES;
				SWIFT_VERSION = 5.0;
				TARGETED_DEVICE_FAMILY = "1,2";
			};
			name = Debug;
		};
		867660842BCD2F65003B3675 /* Release */ = {
			isa = XCBuildConfiguration;
			buildSettings = {
				ASSETCATALOG_COMPILER_APPICON_NAME = AppIcon;
				ASSETCATALOG_COMPILER_GLOBAL_ACCENT_COLOR_NAME = AccentColor;
				BASE_URL = "http://www.kobis.or.kr/kobisopenapi/webservice/rest";
				CODE_SIGN_STYLE = Automatic;
				CURRENT_PROJECT_VERSION = 1;
				DEVELOPMENT_TEAM = 3Y6FWGNU3J;
				GENERATE_INFOPLIST_FILE = YES;
				INFOPLIST_FILE = "Sopt-iOS-assignment/Info.plist";
				INFOPLIST_KEY_UIApplicationSupportsIndirectInputEvents = YES;
				INFOPLIST_KEY_UILaunchStoryboardName = LaunchScreen;
				INFOPLIST_KEY_UIMainStoryboardFile = Main;
				INFOPLIST_KEY_UISupportedInterfaceOrientations_iPad = "UIInterfaceOrientationPortrait UIInterfaceOrientationPortraitUpsideDown UIInterfaceOrientationLandscapeLeft UIInterfaceOrientationLandscapeRight";
				INFOPLIST_KEY_UISupportedInterfaceOrientations_iPhone = "UIInterfaceOrientationPortrait UIInterfaceOrientationLandscapeLeft UIInterfaceOrientationLandscapeRight";
				LD_RUNPATH_SEARCH_PATHS = (
					"$(inherited)",
					"@executable_path/Frameworks",
				);
				MARKETING_VERSION = 1.0;
				PRODUCT_BUNDLE_IDENTIFIER = "org.sopt.dosopt.Sopt-iOS-assignment";
				PRODUCT_NAME = "$(TARGET_NAME)";
				SWIFT_EMIT_LOC_STRINGS = YES;
				SWIFT_VERSION = 5.0;
				TARGETED_DEVICE_FAMILY = "1,2";
			};
			name = Release;
		};
		867660862BCD2F65003B3675 /* Debug */ = {
			isa = XCBuildConfiguration;
			buildSettings = {
				ALWAYS_EMBED_SWIFT_STANDARD_LIBRARIES = YES;
				BUNDLE_LOADER = "$(TEST_HOST)";
				CODE_SIGN_STYLE = Automatic;
				CURRENT_PROJECT_VERSION = 1;
				DEVELOPMENT_TEAM = 3Y6FWGNU3J;
				GENERATE_INFOPLIST_FILE = YES;
				IPHONEOS_DEPLOYMENT_TARGET = 17.4;
				MARKETING_VERSION = 1.0;
				PRODUCT_BUNDLE_IDENTIFIER = "org.sopt.dosopt.Sopt-iOS-assignmentTests";
				PRODUCT_NAME = "$(TARGET_NAME)";
				SWIFT_EMIT_LOC_STRINGS = NO;
				SWIFT_VERSION = 5.0;
				TARGETED_DEVICE_FAMILY = "1,2";
				TEST_HOST = "$(BUILT_PRODUCTS_DIR)/Sopt-iOS-assignment.app/$(BUNDLE_EXECUTABLE_FOLDER_PATH)/Sopt-iOS-assignment";
			};
			name = Debug;
		};
		867660872BCD2F65003B3675 /* Release */ = {
			isa = XCBuildConfiguration;
			buildSettings = {
				ALWAYS_EMBED_SWIFT_STANDARD_LIBRARIES = YES;
				BUNDLE_LOADER = "$(TEST_HOST)";
				CODE_SIGN_STYLE = Automatic;
				CURRENT_PROJECT_VERSION = 1;
				DEVELOPMENT_TEAM = 3Y6FWGNU3J;
				GENERATE_INFOPLIST_FILE = YES;
				IPHONEOS_DEPLOYMENT_TARGET = 17.4;
				MARKETING_VERSION = 1.0;
				PRODUCT_BUNDLE_IDENTIFIER = "org.sopt.dosopt.Sopt-iOS-assignmentTests";
				PRODUCT_NAME = "$(TARGET_NAME)";
				SWIFT_EMIT_LOC_STRINGS = NO;
				SWIFT_VERSION = 5.0;
				TARGETED_DEVICE_FAMILY = "1,2";
				TEST_HOST = "$(BUILT_PRODUCTS_DIR)/Sopt-iOS-assignment.app/$(BUNDLE_EXECUTABLE_FOLDER_PATH)/Sopt-iOS-assignment";
			};
			name = Release;
		};
		867660892BCD2F65003B3675 /* Debug */ = {
			isa = XCBuildConfiguration;
			buildSettings = {
				ALWAYS_EMBED_SWIFT_STANDARD_LIBRARIES = YES;
				CODE_SIGN_STYLE = Automatic;
				CURRENT_PROJECT_VERSION = 1;
				DEVELOPMENT_TEAM = 3Y6FWGNU3J;
				GENERATE_INFOPLIST_FILE = YES;
				MARKETING_VERSION = 1.0;
				PRODUCT_BUNDLE_IDENTIFIER = "org.sopt.dosopt.Sopt-iOS-assignmentUITests";
				PRODUCT_NAME = "$(TARGET_NAME)";
				SWIFT_EMIT_LOC_STRINGS = NO;
				SWIFT_VERSION = 5.0;
				TARGETED_DEVICE_FAMILY = "1,2";
				TEST_TARGET_NAME = "Sopt-iOS-assignment";
			};
			name = Debug;
		};
		8676608A2BCD2F65003B3675 /* Release */ = {
			isa = XCBuildConfiguration;
			buildSettings = {
				ALWAYS_EMBED_SWIFT_STANDARD_LIBRARIES = YES;
				CODE_SIGN_STYLE = Automatic;
				CURRENT_PROJECT_VERSION = 1;
				DEVELOPMENT_TEAM = 3Y6FWGNU3J;
				GENERATE_INFOPLIST_FILE = YES;
				MARKETING_VERSION = 1.0;
				PRODUCT_BUNDLE_IDENTIFIER = "org.sopt.dosopt.Sopt-iOS-assignmentUITests";
				PRODUCT_NAME = "$(TARGET_NAME)";
				SWIFT_EMIT_LOC_STRINGS = NO;
				SWIFT_VERSION = 5.0;
				TARGETED_DEVICE_FAMILY = "1,2";
				TEST_TARGET_NAME = "Sopt-iOS-assignment";
			};
			name = Release;
		};
/* End XCBuildConfiguration section */

/* Begin XCConfigurationList section */
		867660532BCD2F63003B3675 /* Build configuration list for PBXProject "Sopt-iOS-assignment" */ = {
			isa = XCConfigurationList;
			buildConfigurations = (
				867660802BCD2F65003B3675 /* Debug */,
				867660812BCD2F65003B3675 /* Release */,
			);
			defaultConfigurationIsVisible = 0;
			defaultConfigurationName = Release;
		};
		867660822BCD2F65003B3675 /* Build configuration list for PBXNativeTarget "Sopt-iOS-assignment" */ = {
			isa = XCConfigurationList;
			buildConfigurations = (
				867660832BCD2F65003B3675 /* Debug */,
				867660842BCD2F65003B3675 /* Release */,
			);
			defaultConfigurationIsVisible = 0;
			defaultConfigurationName = Release;
		};
		867660852BCD2F65003B3675 /* Build configuration list for PBXNativeTarget "Sopt-iOS-assignmentTests" */ = {
			isa = XCConfigurationList;
			buildConfigurations = (
				867660862BCD2F65003B3675 /* Debug */,
				867660872BCD2F65003B3675 /* Release */,
			);
			defaultConfigurationIsVisible = 0;
			defaultConfigurationName = Release;
		};
		867660882BCD2F65003B3675 /* Build configuration list for PBXNativeTarget "Sopt-iOS-assignmentUITests" */ = {
			isa = XCConfigurationList;
			buildConfigurations = (
				867660892BCD2F65003B3675 /* Debug */,
				8676608A2BCD2F65003B3675 /* Release */,
			);
			defaultConfigurationIsVisible = 0;
			defaultConfigurationName = Release;
		};
/* End XCConfigurationList section */

/* Begin XCRemoteSwiftPackageReference section */
		86616E842BCD389D006BE35B /* XCRemoteSwiftPackageReference "SnapKit" */ = {
			isa = XCRemoteSwiftPackageReference;
			repositoryURL = "https://github.com/SnapKit/SnapKit.git";
			requirement = {
				kind = upToNextMajorVersion;
				minimumVersion = 5.7.1;
			};
		};
		86F023B72BEA728B00FADB50 /* XCRemoteSwiftPackageReference "Moya" */ = {
			isa = XCRemoteSwiftPackageReference;
			repositoryURL = "https://github.com/Moya/Moya";
			requirement = {
				kind = upToNextMajorVersion;
				minimumVersion = 15.0.3;
			};
		};
/* End XCRemoteSwiftPackageReference section */

/* Begin XCSwiftPackageProductDependency section */
		86616E852BCD389D006BE35B /* SnapKit */ = {
			isa = XCSwiftPackageProductDependency;
			package = 86616E842BCD389D006BE35B /* XCRemoteSwiftPackageReference "SnapKit" */;
			productName = SnapKit;
		};
		86616E872BCD389D006BE35B /* SnapKit-Dynamic */ = {
			isa = XCSwiftPackageProductDependency;
			package = 86616E842BCD389D006BE35B /* XCRemoteSwiftPackageReference "SnapKit" */;
			productName = "SnapKit-Dynamic";
		};
		86F023B82BEA728B00FADB50 /* Moya */ = {
			isa = XCSwiftPackageProductDependency;
			package = 86F023B72BEA728B00FADB50 /* XCRemoteSwiftPackageReference "Moya" */;
			productName = Moya;
		};
/* End XCSwiftPackageProductDependency section */
	};
	rootObject = 867660502BCD2F63003B3675 /* Project object */;
}
